
Microsoft Visual Studio Solution File, Format Version 12.00
# Visual Studio Version 16
VisualStudioVersion = 16.0.30523.141
MinimumVisualStudioVersion = 10.0.40219.1
Project("{FAE04EC0-301F-11D3-BF4B-00C04F79EFBC}") = "DapperExercise", "DapperExercise\DapperExercise.csproj", "{2DDFC26E-150A-489B-911A-E248F6307F39}"
EndProject
Global
	GlobalSection(SolutionConfigurationPlatforms) = preSolution
		Debug|Any CPU = Debug|Any CPU
		Release|Any CPU = Release|Any CPU
	EndGlobalSection
	GlobalSection(ProjectConfigurationPlatforms) = postSolution
		{2DDFC26E-150A-489B-911A-E248F6307F39}.Debug|Any CPU.ActiveCfg = Debug|Any CPU
		{2DDFC26E-150A-489B-911A-E248F6307F39}.Debug|Any CPU.Build.0 = Debug|Any CPU
		{2DDFC26E-150A-489B-911A-E248F6307F39}.Release|Any CPU.ActiveCfg = Release|Any CPU
		{2DDFC26E-150A-489B-911A-E248F6307F39}.Release|Any CPU.Build.0 = Release|Any CPU
	EndGlobalSection
	GlobalSection(SolutionProperties) = preSolution
		HideSolutionNode = FALSE
	EndGlobalSection
	GlobalSection(ExtensibilityGlobals) = postSolution
		SolutionGuid = {04856E68-A121-4AD2-8712-65EB1BD7AC94}
	EndGlobalSection
EndGlobal
